
Microsoft Visual Studio Solution File, Format Version 12.00
# Visual Studio Version 17
VisualStudioVersion = 17.7.34024.191
MinimumVisualStudioVersion = 10.0.40219.1
Project("{FAE04EC0-301F-11D3-BF4B-00C04F79EFBC}") = "Advent of Code 0.1", "Advent of Code 0.1\Advent of Code 0.1.csproj", "{9CB57F65-8EF8-4CDA-8B74-B9CCFEAB7F6E}"
EndProject
Global
	GlobalSection(SolutionConfigurationPlatforms) = preSolution
		Debug|Any CPU = Debug|Any CPU
		Release|Any CPU = Release|Any CPU
	EndGlobalSection
	GlobalSection(ProjectConfigurationPlatforms) = postSolution
		{9CB57F65-8EF8-4CDA-8B74-B9CCFEAB7F6E}.Debug|Any CPU.ActiveCfg = Debug|Any CPU
		{9CB57F65-8EF8-4CDA-8B74-B9CCFEAB7F6E}.Debug|Any CPU.Build.0 = Debug|Any CPU
		{9CB57F65-8EF8-4CDA-8B74-B9CCFEAB7F6E}.Release|Any CPU.ActiveCfg = Release|Any CPU
		{9CB57F65-8EF8-4CDA-8B74-B9CCFEAB7F6E}.Release|Any CPU.Build.0 = Release|Any CPU
	EndGlobalSection
	GlobalSection(SolutionProperties) = preSolution
		HideSolutionNode = FALSE
	EndGlobalSection
	GlobalSection(ExtensibilityGlobals) = postSolution
		SolutionGuid = {FAEDCD53-AE48-4FFF-A270-96F234BA9E2D}
	EndGlobalSection
EndGlobal
