
Microsoft Visual Studio Solution File, Format Version 12.00
# Visual Studio Version 17
VisualStudioVersion = 17.7.34031.279
MinimumVisualStudioVersion = 10.0.40219.1
Project("{FAE04EC0-301F-11D3-BF4B-00C04F79EFBC}") = "Advent of Code 4", "Advent of Code 4\Advent of Code 4.csproj", "{62181203-F75F-4298-85E1-FF495BF9A21E}"
EndProject
Global
	GlobalSection(SolutionConfigurationPlatforms) = preSolution
		Debug|Any CPU = Debug|Any CPU
		Release|Any CPU = Release|Any CPU
	EndGlobalSection
	GlobalSection(ProjectConfigurationPlatforms) = postSolution
		{62181203-F75F-4298-85E1-FF495BF9A21E}.Debug|Any CPU.ActiveCfg = Debug|Any CPU
		{62181203-F75F-4298-85E1-FF495BF9A21E}.Debug|Any CPU.Build.0 = Debug|Any CPU
		{62181203-F75F-4298-85E1-FF495BF9A21E}.Release|Any CPU.ActiveCfg = Release|Any CPU
		{62181203-F75F-4298-85E1-FF495BF9A21E}.Release|Any CPU.Build.0 = Release|Any CPU
	EndGlobalSection
	GlobalSection(SolutionProperties) = preSolution
		HideSolutionNode = FALSE
	EndGlobalSection
	GlobalSection(ExtensibilityGlobals) = postSolution
		SolutionGuid = {3A8FBE11-1A1C-414B-BDD4-94B6E513F004}
	EndGlobalSection
EndGlobal
