
Microsoft Visual Studio Solution File, Format Version 12.00
# Visual Studio Version 17
VisualStudioVersion = 17.9.34622.214
MinimumVisualStudioVersion = 10.0.40219.1
Project("{FAE04EC0-301F-11D3-BF4B-00C04F79EFBC}") = "LINQ Stuff", "LINQ Stuff\LINQ Stuff.csproj", "{780F3973-0483-4211-8702-2DA76E9E4323}"
EndProject
Global
	GlobalSection(SolutionConfigurationPlatforms) = preSolution
		Debug|Any CPU = Debug|Any CPU
		Release|Any CPU = Release|Any CPU
	EndGlobalSection
	GlobalSection(ProjectConfigurationPlatforms) = postSolution
		{780F3973-0483-4211-8702-2DA76E9E4323}.Debug|Any CPU.ActiveCfg = Debug|Any CPU
		{780F3973-0483-4211-8702-2DA76E9E4323}.Debug|Any CPU.Build.0 = Debug|Any CPU
		{780F3973-0483-4211-8702-2DA76E9E4323}.Release|Any CPU.ActiveCfg = Release|Any CPU
		{780F3973-0483-4211-8702-2DA76E9E4323}.Release|Any CPU.Build.0 = Release|Any CPU
	EndGlobalSection
	GlobalSection(SolutionProperties) = preSolution
		HideSolutionNode = FALSE
	EndGlobalSection
	GlobalSection(ExtensibilityGlobals) = postSolution
		SolutionGuid = {CD3C7BF3-13E5-478A-A1E6-2403F9796096}
	EndGlobalSection
EndGlobal
