
Microsoft Visual Studio Solution File, Format Version 12.00
# Visual Studio Version 17
VisualStudioVersion = 17.9.34622.214
MinimumVisualStudioVersion = 10.0.40219.1
Project("{9A19103F-16F7-4668-BE54-9A1E7A4F7556}") = "MyGame", "..\SadConsoleGame\MyGame.csproj", "{8E8BAD8F-8258-4928-AED7-37C5DC10F693}"
EndProject
Global
	GlobalSection(SolutionConfigurationPlatforms) = preSolution
		Debug|Any CPU = Debug|Any CPU
		Release|Any CPU = Release|Any CPU
	EndGlobalSection
	GlobalSection(ProjectConfigurationPlatforms) = postSolution
		{8E8BAD8F-8258-4928-AED7-37C5DC10F693}.Debug|Any CPU.ActiveCfg = Debug|Any CPU
		{8E8BAD8F-8258-4928-AED7-37C5DC10F693}.Debug|Any CPU.Build.0 = Debug|Any CPU
		{8E8BAD8F-8258-4928-AED7-37C5DC10F693}.Release|Any CPU.ActiveCfg = Release|Any CPU
		{8E8BAD8F-8258-4928-AED7-37C5DC10F693}.Release|Any CPU.Build.0 = Release|Any CPU
	EndGlobalSection
	GlobalSection(SolutionProperties) = preSolution
		HideSolutionNode = FALSE
	EndGlobalSection
	GlobalSection(ExtensibilityGlobals) = postSolution
		SolutionGuid = {210F291C-7293-44E3-BDD4-C87C3D0D1BF4}
	EndGlobalSection
EndGlobal
