
Microsoft Visual Studio Solution File, Format Version 12.00
# Visual Studio Version 17
VisualStudioVersion = 17.6.33723.286
MinimumVisualStudioVersion = 10.0.40219.1
Project("{FAE04EC0-301F-11D3-BF4B-00C04F79EFBC}") = "Programmering_ADV", "Programmering_ADV\Programmering_ADV.csproj", "{BA37B299-2E28-411E-A093-9207167C722C}"
EndProject
Global
	GlobalSection(SolutionConfigurationPlatforms) = preSolution
		Debug|Any CPU = Debug|Any CPU
		Release|Any CPU = Release|Any CPU
	EndGlobalSection
	GlobalSection(ProjectConfigurationPlatforms) = postSolution
		{BA37B299-2E28-411E-A093-9207167C722C}.Debug|Any CPU.ActiveCfg = Debug|Any CPU
		{BA37B299-2E28-411E-A093-9207167C722C}.Debug|Any CPU.Build.0 = Debug|Any CPU
		{BA37B299-2E28-411E-A093-9207167C722C}.Release|Any CPU.ActiveCfg = Release|Any CPU
		{BA37B299-2E28-411E-A093-9207167C722C}.Release|Any CPU.Build.0 = Release|Any CPU
	EndGlobalSection
	GlobalSection(SolutionProperties) = preSolution
		HideSolutionNode = FALSE
	EndGlobalSection
	GlobalSection(ExtensibilityGlobals) = postSolution
		SolutionGuid = {2432BD31-AF13-4F8E-BFB8-665C5B96A319}
	EndGlobalSection
EndGlobal
