
Microsoft Visual Studio Solution File, Format Version 12.00
# Visual Studio Version 17
VisualStudioVersion = 17.7.34031.279
MinimumVisualStudioVersion = 10.0.40219.1
Project("{FAE04EC0-301F-11D3-BF4B-00C04F79EFBC}") = "Advent of Code 2", "Advent of Code 2\Advent of Code 2.csproj", "{45254DD9-BC5A-49E1-BCFC-E2C0B1C0A5B7}"
EndProject
Global
	GlobalSection(SolutionConfigurationPlatforms) = preSolution
		Debug|Any CPU = Debug|Any CPU
		Release|Any CPU = Release|Any CPU
	EndGlobalSection
	GlobalSection(ProjectConfigurationPlatforms) = postSolution
		{45254DD9-BC5A-49E1-BCFC-E2C0B1C0A5B7}.Debug|Any CPU.ActiveCfg = Debug|Any CPU
		{45254DD9-BC5A-49E1-BCFC-E2C0B1C0A5B7}.Debug|Any CPU.Build.0 = Debug|Any CPU
		{45254DD9-BC5A-49E1-BCFC-E2C0B1C0A5B7}.Release|Any CPU.ActiveCfg = Release|Any CPU
		{45254DD9-BC5A-49E1-BCFC-E2C0B1C0A5B7}.Release|Any CPU.Build.0 = Release|Any CPU
	EndGlobalSection
	GlobalSection(SolutionProperties) = preSolution
		HideSolutionNode = FALSE
	EndGlobalSection
	GlobalSection(ExtensibilityGlobals) = postSolution
		SolutionGuid = {C82C8661-A62E-4C98-BFD4-2B80B600B724}
	EndGlobalSection
EndGlobal
